
Microsoft Visual Studio Solution File, Format Version 12.00
# Visual Studio Version 17
VisualStudioVersion = 17.3.32901.215
MinimumVisualStudioVersion = 10.0.40219.1
Project("{8BC9CEB8-8B4A-11D0-8D11-00A0C91BC942}") = "homework11.04", "homework11.04.vcxproj", "{AFC361AD-0C76-4DE9-8079-F8497E4799A0}"
EndProject
Global
	GlobalSection(SolutionConfigurationPlatforms) = preSolution
		Debug|x64 = Debug|x64
		Debug|x86 = Debug|x86
		Release|x64 = Release|x64
		Release|x86 = Release|x86
	EndGlobalSection
	GlobalSection(ProjectConfigurationPlatforms) = postSolution
		{AFC361AD-0C76-4DE9-8079-F8497E4799A0}.Debug|x64.ActiveCfg = Debug|x64
		{AFC361AD-0C76-4DE9-8079-F8497E4799A0}.Debug|x64.Build.0 = Debug|x64
		{AFC361AD-0C76-4DE9-8079-F8497E4799A0}.Debug|x86.ActiveCfg = Debug|Win32
		{AFC361AD-0C76-4DE9-8079-F8497E4799A0}.Debug|x86.Build.0 = Debug|Win32
		{AFC361AD-0C76-4DE9-8079-F8497E4799A0}.Release|x64.ActiveCfg = Release|x64
		{AFC361AD-0C76-4DE9-8079-F8497E4799A0}.Release|x64.Build.0 = Release|x64
		{AFC361AD-0C76-4DE9-8079-F8497E4799A0}.Release|x86.ActiveCfg = Release|Win32
		{AFC361AD-0C76-4DE9-8079-F8497E4799A0}.Release|x86.Build.0 = Release|Win32
	EndGlobalSection
	GlobalSection(SolutionProperties) = preSolution
		HideSolutionNode = FALSE
	EndGlobalSection
	GlobalSection(ExtensibilityGlobals) = postSolution
		SolutionGuid = {591D44C6-D780-4953-B86F-3A488345EB1A}
	EndGlobalSection
EndGlobal
