
Microsoft Visual Studio Solution File, Format Version 12.00
# Visual Studio Version 17
VisualStudioVersion = 17.3.32901.215
MinimumVisualStudioVersion = 10.0.40219.1
Project("{8BC9CEB8-8B4A-11D0-8D11-00A0C91BC942}") = "gamee", "gamee.vcxproj", "{6ADCA9ED-487E-4909-B649-377868905A20}"
EndProject
Global
	GlobalSection(SolutionConfigurationPlatforms) = preSolution
		Debug|x64 = Debug|x64
		Debug|x86 = Debug|x86
		Release|x64 = Release|x64
		Release|x86 = Release|x86
	EndGlobalSection
	GlobalSection(ProjectConfigurationPlatforms) = postSolution
		{6ADCA9ED-487E-4909-B649-377868905A20}.Debug|x64.ActiveCfg = Debug|x64
		{6ADCA9ED-487E-4909-B649-377868905A20}.Debug|x64.Build.0 = Debug|x64
		{6ADCA9ED-487E-4909-B649-377868905A20}.Debug|x86.ActiveCfg = Debug|Win32
		{6ADCA9ED-487E-4909-B649-377868905A20}.Debug|x86.Build.0 = Debug|Win32
		{6ADCA9ED-487E-4909-B649-377868905A20}.Release|x64.ActiveCfg = Release|x64
		{6ADCA9ED-487E-4909-B649-377868905A20}.Release|x64.Build.0 = Release|x64
		{6ADCA9ED-487E-4909-B649-377868905A20}.Release|x86.ActiveCfg = Release|Win32
		{6ADCA9ED-487E-4909-B649-377868905A20}.Release|x86.Build.0 = Release|Win32
	EndGlobalSection
	GlobalSection(SolutionProperties) = preSolution
		HideSolutionNode = FALSE
	EndGlobalSection
	GlobalSection(ExtensibilityGlobals) = postSolution
		SolutionGuid = {CEA09F6B-50A6-4E4F-91FE-D44320335135}
	EndGlobalSection
EndGlobal
