
Microsoft Visual Studio Solution File, Format Version 12.00
# Visual Studio Version 17
VisualStudioVersion = 17.3.32901.215
MinimumVisualStudioVersion = 10.0.40219.1
Project("{8BC9CEB8-8B4A-11D0-8D11-00A0C91BC942}") = "test0903", "test0903.vcxproj", "{019D3B35-0BDE-4CCB-89DA-89C723B221B3}"
EndProject
Global
	GlobalSection(SolutionConfigurationPlatforms) = preSolution
		Debug|x64 = Debug|x64
		Debug|x86 = Debug|x86
		Release|x64 = Release|x64
		Release|x86 = Release|x86
	EndGlobalSection
	GlobalSection(ProjectConfigurationPlatforms) = postSolution
		{019D3B35-0BDE-4CCB-89DA-89C723B221B3}.Debug|x64.ActiveCfg = Debug|x64
		{019D3B35-0BDE-4CCB-89DA-89C723B221B3}.Debug|x64.Build.0 = Debug|x64
		{019D3B35-0BDE-4CCB-89DA-89C723B221B3}.Debug|x86.ActiveCfg = Debug|Win32
		{019D3B35-0BDE-4CCB-89DA-89C723B221B3}.Debug|x86.Build.0 = Debug|Win32
		{019D3B35-0BDE-4CCB-89DA-89C723B221B3}.Release|x64.ActiveCfg = Release|x64
		{019D3B35-0BDE-4CCB-89DA-89C723B221B3}.Release|x64.Build.0 = Release|x64
		{019D3B35-0BDE-4CCB-89DA-89C723B221B3}.Release|x86.ActiveCfg = Release|Win32
		{019D3B35-0BDE-4CCB-89DA-89C723B221B3}.Release|x86.Build.0 = Release|Win32
	EndGlobalSection
	GlobalSection(SolutionProperties) = preSolution
		HideSolutionNode = FALSE
	EndGlobalSection
	GlobalSection(ExtensibilityGlobals) = postSolution
		SolutionGuid = {FB08534A-C5D6-483C-B2B4-7220C4908A75}
	EndGlobalSection
EndGlobal
