
Microsoft Visual Studio Solution File, Format Version 12.00
# Visual Studio Version 17
VisualStudioVersion = 17.3.32901.215
MinimumVisualStudioVersion = 10.0.40219.1
Project("{8BC9CEB8-8B4A-11D0-8D11-00A0C91BC942}") = "homework-001", "homework-001.vcxproj", "{0AC52DC2-45AD-43AD-9878-852EC05830C0}"
EndProject
Global
	GlobalSection(SolutionConfigurationPlatforms) = preSolution
		Debug|x64 = Debug|x64
		Debug|x86 = Debug|x86
		Release|x64 = Release|x64
		Release|x86 = Release|x86
	EndGlobalSection
	GlobalSection(ProjectConfigurationPlatforms) = postSolution
		{0AC52DC2-45AD-43AD-9878-852EC05830C0}.Debug|x64.ActiveCfg = Debug|x64
		{0AC52DC2-45AD-43AD-9878-852EC05830C0}.Debug|x64.Build.0 = Debug|x64
		{0AC52DC2-45AD-43AD-9878-852EC05830C0}.Debug|x86.ActiveCfg = Debug|Win32
		{0AC52DC2-45AD-43AD-9878-852EC05830C0}.Debug|x86.Build.0 = Debug|Win32
		{0AC52DC2-45AD-43AD-9878-852EC05830C0}.Release|x64.ActiveCfg = Release|x64
		{0AC52DC2-45AD-43AD-9878-852EC05830C0}.Release|x64.Build.0 = Release|x64
		{0AC52DC2-45AD-43AD-9878-852EC05830C0}.Release|x86.ActiveCfg = Release|Win32
		{0AC52DC2-45AD-43AD-9878-852EC05830C0}.Release|x86.Build.0 = Release|Win32
	EndGlobalSection
	GlobalSection(SolutionProperties) = preSolution
		HideSolutionNode = FALSE
	EndGlobalSection
	GlobalSection(ExtensibilityGlobals) = postSolution
		SolutionGuid = {D1B4A0E8-6BD1-4AFA-B15B-979A38D92502}
	EndGlobalSection
EndGlobal
